// !$*UTF8*$!
{
	archiveVersion = 1;
	classes = {
	};
	objectVersion = 51;
	objects = {

/* Begin PBXBuildFile section */
		23DC4BE7520E6AAC16F6023A /* Pods_KofiTests.framework in Frameworks */ = {isa = PBXBuildFile; fileRef = B8CE33A6D0A5F38A5CDAB850 /* Pods_KofiTests.framework */; };
		4F020DB4FE178520B972EC2B /* Pods_Kofi.framework in Frameworks */ = {isa = PBXBuildFile; fileRef = 6089409D7D0940BF15E2F9D5 /* Pods_Kofi.framework */; };
		5BA50B332632A61F0021B054 /* logIn.swift in Sources */ = {isa = PBXBuildFile; fileRef = 5BA50B322632A61F0021B054 /* logIn.swift */; };
		8658B56C262935A100AE5A37 /* AppDelegate.swift in Sources */ = {isa = PBXBuildFile; fileRef = 8658B56B262935A100AE5A37 /* AppDelegate.swift */; };
		8658B56E262935A100AE5A37 /* SceneDelegate.swift in Sources */ = {isa = PBXBuildFile; fileRef = 8658B56D262935A100AE5A37 /* SceneDelegate.swift */; };
		8658B570262935A100AE5A37 /* loggedOut.swift in Sources */ = {isa = PBXBuildFile; fileRef = 8658B56F262935A100AE5A37 /* loggedOut.swift */; };
		8658B572262935A500AE5A37 /* Assets.xcassets in Resources */ = {isa = PBXBuildFile; fileRef = 8658B571262935A500AE5A37 /* Assets.xcassets */; };
		8658B575262935A500AE5A37 /* Preview Assets.xcassets in Resources */ = {isa = PBXBuildFile; fileRef = 8658B574262935A500AE5A37 /* Preview Assets.xcassets */; };
		8658B578262935A500AE5A37 /* LaunchScreen.storyboard in Resources */ = {isa = PBXBuildFile; fileRef = 8658B576262935A500AE5A37 /* LaunchScreen.storyboard */; };
		8658B583262935A600AE5A37 /* KofiTests.swift in Sources */ = {isa = PBXBuildFile; fileRef = 8658B582262935A600AE5A37 /* KofiTests.swift */; };
		8658B58E262935A600AE5A37 /* KofiUITests.swift in Sources */ = {isa = PBXBuildFile; fileRef = 8658B58D262935A600AE5A37 /* KofiUITests.swift */; };
		8665B60B2629784D0067D852 /* mapView.swift in Sources */ = {isa = PBXBuildFile; fileRef = 8665B60A2629784D0067D852 /* mapView.swift */; };
		8BE168298043E72D33B4E06A /* Pods_Kofi_KofiUITests.framework in Frameworks */ = {isa = PBXBuildFile; fileRef = 06629065C72DF8A7F7E53FB2 /* Pods_Kofi_KofiUITests.framework */; };
/* End PBXBuildFile section */

/* Begin PBXContainerItemProxy section */
		8658B57F262935A600AE5A37 /* PBXContainerItemProxy */ = {
			isa = PBXContainerItemProxy;
			containerPortal = 8658B560262935A100AE5A37 /* Project object */;
			proxyType = 1;
			remoteGlobalIDString = 8658B567262935A100AE5A37;
			remoteInfo = Kofi;
		};
		8658B58A262935A600AE5A37 /* PBXContainerItemProxy */ = {
			isa = PBXContainerItemProxy;
			containerPortal = 8658B560262935A100AE5A37 /* Project object */;
			proxyType = 1;
			remoteGlobalIDString = 8658B567262935A100AE5A37;
			remoteInfo = Kofi;
		};
/* End PBXContainerItemProxy section */

/* Begin PBXFileReference section */
		03DDE9F27D578093F5F6E4BE /* Pods-Kofi.release.xcconfig */ = {isa = PBXFileReference; includeInIndex = 1; lastKnownFileType = text.xcconfig; name = "Pods-Kofi.release.xcconfig"; path = "Target Support Files/Pods-Kofi/Pods-Kofi.release.xcconfig"; sourceTree = "<group>"; };
		06629065C72DF8A7F7E53FB2 /* Pods_Kofi_KofiUITests.framework */ = {isa = PBXFileReference; explicitFileType = wrapper.framework; includeInIndex = 0; path = Pods_Kofi_KofiUITests.framework; sourceTree = BUILT_PRODUCTS_DIR; };
		217AD8B8023D2A71C407B256 /* Pods-KofiTests.debug.xcconfig */ = {isa = PBXFileReference; includeInIndex = 1; lastKnownFileType = text.xcconfig; name = "Pods-KofiTests.debug.xcconfig"; path = "Target Support Files/Pods-KofiTests/Pods-KofiTests.debug.xcconfig"; sourceTree = "<group>"; };
		5BA50B322632A61F0021B054 /* logIn.swift */ = {isa = PBXFileReference; lastKnownFileType = sourcecode.swift; path = logIn.swift; sourceTree = "<group>"; };
		6089409D7D0940BF15E2F9D5 /* Pods_Kofi.framework */ = {isa = PBXFileReference; explicitFileType = wrapper.framework; includeInIndex = 0; path = Pods_Kofi.framework; sourceTree = BUILT_PRODUCTS_DIR; };
		7529DE1D3E35129AC806C071 /* Pods-Kofi.debug.xcconfig */ = {isa = PBXFileReference; includeInIndex = 1; lastKnownFileType = text.xcconfig; name = "Pods-Kofi.debug.xcconfig"; path = "Target Support Files/Pods-Kofi/Pods-Kofi.debug.xcconfig"; sourceTree = "<group>"; };
		8658B568262935A100AE5A37 /* Kofi.app */ = {isa = PBXFileReference; explicitFileType = wrapper.application; includeInIndex = 0; path = Kofi.app; sourceTree = BUILT_PRODUCTS_DIR; };
		8658B56B262935A100AE5A37 /* AppDelegate.swift */ = {isa = PBXFileReference; lastKnownFileType = sourcecode.swift; path = AppDelegate.swift; sourceTree = "<group>"; };
		8658B56D262935A100AE5A37 /* SceneDelegate.swift */ = {isa = PBXFileReference; lastKnownFileType = sourcecode.swift; path = SceneDelegate.swift; sourceTree = "<group>"; };
		8658B56F262935A100AE5A37 /* loggedOut.swift */ = {isa = PBXFileReference; lastKnownFileType = sourcecode.swift; path = loggedOut.swift; sourceTree = "<group>"; xcLanguageSpecificationIdentifier = xcode.lang.swift; };
		8658B571262935A500AE5A37 /* Assets.xcassets */ = {isa = PBXFileReference; lastKnownFileType = folder.assetcatalog; path = Assets.xcassets; sourceTree = "<group>"; };
		8658B574262935A500AE5A37 /* Preview Assets.xcassets */ = {isa = PBXFileReference; lastKnownFileType = folder.assetcatalog; path = "Preview Assets.xcassets"; sourceTree = "<group>"; };
		8658B577262935A500AE5A37 /* Base */ = {isa = PBXFileReference; lastKnownFileType = file.storyboard; name = Base; path = Base.lproj/LaunchScreen.storyboard; sourceTree = "<group>"; };
		8658B579262935A500AE5A37 /* Info.plist */ = {isa = PBXFileReference; lastKnownFileType = text.plist.xml; path = Info.plist; sourceTree = "<group>"; };
		8658B57E262935A600AE5A37 /* KofiTests.xctest */ = {isa = PBXFileReference; explicitFileType = wrapper.cfbundle; includeInIndex = 0; path = KofiTests.xctest; sourceTree = BUILT_PRODUCTS_DIR; };
		8658B582262935A600AE5A37 /* KofiTests.swift */ = {isa = PBXFileReference; lastKnownFileType = sourcecode.swift; path = KofiTests.swift; sourceTree = "<group>"; };
		8658B584262935A600AE5A37 /* Info.plist */ = {isa = PBXFileReference; lastKnownFileType = text.plist.xml; path = Info.plist; sourceTree = "<group>"; };
		8658B589262935A600AE5A37 /* KofiUITests.xctest */ = {isa = PBXFileReference; explicitFileType = wrapper.cfbundle; includeInIndex = 0; path = KofiUITests.xctest; sourceTree = BUILT_PRODUCTS_DIR; };
		8658B58D262935A600AE5A37 /* KofiUITests.swift */ = {isa = PBXFileReference; lastKnownFileType = sourcecode.swift; path = KofiUITests.swift; sourceTree = "<group>"; };
		8658B58F262935A600AE5A37 /* Info.plist */ = {isa = PBXFileReference; lastKnownFileType = text.plist.xml; path = Info.plist; sourceTree = "<group>"; };
		8665B60A2629784D0067D852 /* mapView.swift */ = {isa = PBXFileReference; lastKnownFileType = sourcecode.swift; path = mapView.swift; sourceTree = "<group>"; };
		9FDE173BC506BD078FEF29BE /* Pods-KofiTests.release.xcconfig */ = {isa = PBXFileReference; includeInIndex = 1; lastKnownFileType = text.xcconfig; name = "Pods-KofiTests.release.xcconfig"; path = "Target Support Files/Pods-KofiTests/Pods-KofiTests.release.xcconfig"; sourceTree = "<group>"; };
		B8CE33A6D0A5F38A5CDAB850 /* Pods_KofiTests.framework */ = {isa = PBXFileReference; explicitFileType = wrapper.framework; includeInIndex = 0; path = Pods_KofiTests.framework; sourceTree = BUILT_PRODUCTS_DIR; };
		C008D3D78C8B3743A342D03C /* Pods-Kofi-KofiUITests.debug.xcconfig */ = {isa = PBXFileReference; includeInIndex = 1; lastKnownFileType = text.xcconfig; name = "Pods-Kofi-KofiUITests.debug.xcconfig"; path = "Target Support Files/Pods-Kofi-KofiUITests/Pods-Kofi-KofiUITests.debug.xcconfig"; sourceTree = "<group>"; };
		F0A7AC2DBAB810525A3386D9 /* Pods-Kofi-KofiUITests.release.xcconfig */ = {isa = PBXFileReference; includeInIndex = 1; lastKnownFileType = text.xcconfig; name = "Pods-Kofi-KofiUITests.release.xcconfig"; path = "Target Support Files/Pods-Kofi-KofiUITests/Pods-Kofi-KofiUITests.release.xcconfig"; sourceTree = "<group>"; };
/* End PBXFileReference section */

/* Begin PBXFrameworksBuildPhase section */
		8658B565262935A100AE5A37 /* Frameworks */ = {
			isa = PBXFrameworksBuildPhase;
			buildActionMask = 2147483647;
			files = (
				4F020DB4FE178520B972EC2B /* Pods_Kofi.framework in Frameworks */,
			);
			runOnlyForDeploymentPostprocessing = 0;
		};
		8658B57B262935A600AE5A37 /* Frameworks */ = {
			isa = PBXFrameworksBuildPhase;
			buildActionMask = 2147483647;
			files = (
				23DC4BE7520E6AAC16F6023A /* Pods_KofiTests.framework in Frameworks */,
			);
			runOnlyForDeploymentPostprocessing = 0;
		};
		8658B586262935A600AE5A37 /* Frameworks */ = {
			isa = PBXFrameworksBuildPhase;
			buildActionMask = 2147483647;
			files = (
				8BE168298043E72D33B4E06A /* Pods_Kofi_KofiUITests.framework in Frameworks */,
			);
			runOnlyForDeploymentPostprocessing = 0;
		};
/* End PBXFrameworksBuildPhase section */

/* Begin PBXGroup section */
		27E7B37F74284CC3EBC8082F /* Frameworks */ = {
			isa = PBXGroup;
			children = (
				6089409D7D0940BF15E2F9D5 /* Pods_Kofi.framework */,
				06629065C72DF8A7F7E53FB2 /* Pods_Kofi_KofiUITests.framework */,
				B8CE33A6D0A5F38A5CDAB850 /* Pods_KofiTests.framework */,
			);
			name = Frameworks;
			sourceTree = "<group>";
		};
		8658B55F262935A100AE5A37 = {
			isa = PBXGroup;
			children = (
				8658B56A262935A100AE5A37 /* Kofi */,
				8658B581262935A600AE5A37 /* KofiTests */,
				8658B58C262935A600AE5A37 /* KofiUITests */,
				8658B569262935A100AE5A37 /* Products */,
				D0727D26586BFFD3033A9219 /* Pods */,
				27E7B37F74284CC3EBC8082F /* Frameworks */,
			);
			sourceTree = "<group>";
		};
		8658B569262935A100AE5A37 /* Products */ = {
			isa = PBXGroup;
			children = (
				8658B568262935A100AE5A37 /* Kofi.app */,
				8658B57E262935A600AE5A37 /* KofiTests.xctest */,
				8658B589262935A600AE5A37 /* KofiUITests.xctest */,
			);
			name = Products;
			sourceTree = "<group>";
		};
		8658B56A262935A100AE5A37 /* Kofi */ = {
			isa = PBXGroup;
			children = (
				8658B56B262935A100AE5A37 /* AppDelegate.swift */,
				8658B56D262935A100AE5A37 /* SceneDelegate.swift */,
				8658B56F262935A100AE5A37 /* loggedOut.swift */,
				8658B571262935A500AE5A37 /* Assets.xcassets */,
				8658B576262935A500AE5A37 /* LaunchScreen.storyboard */,
				8658B579262935A500AE5A37 /* Info.plist */,
				8658B573262935A500AE5A37 /* Preview Content */,
				8665B60A2629784D0067D852 /* mapView.swift */,
				5BA50B322632A61F0021B054 /* logIn.swift */,
			);
			path = Kofi;
			sourceTree = "<group>";
		};
		8658B573262935A500AE5A37 /* Preview Content */ = {
			isa = PBXGroup;
			children = (
				8658B574262935A500AE5A37 /* Preview Assets.xcassets */,
			);
			path = "Preview Content";
			sourceTree = "<group>";
		};
		8658B581262935A600AE5A37 /* KofiTests */ = {
			isa = PBXGroup;
			children = (
				8658B582262935A600AE5A37 /* KofiTests.swift */,
				8658B584262935A600AE5A37 /* Info.plist */,
			);
			path = KofiTests;
			sourceTree = "<group>";
		};
		8658B58C262935A600AE5A37 /* KofiUITests */ = {
			isa = PBXGroup;
			children = (
				8658B58D262935A600AE5A37 /* KofiUITests.swift */,
				8658B58F262935A600AE5A37 /* Info.plist */,
			);
			path = KofiUITests;
			sourceTree = "<group>";
		};
		D0727D26586BFFD3033A9219 /* Pods */ = {
			isa = PBXGroup;
			children = (
				7529DE1D3E35129AC806C071 /* Pods-Kofi.debug.xcconfig */,
				03DDE9F27D578093F5F6E4BE /* Pods-Kofi.release.xcconfig */,
				C008D3D78C8B3743A342D03C /* Pods-Kofi-KofiUITests.debug.xcconfig */,
				F0A7AC2DBAB810525A3386D9 /* Pods-Kofi-KofiUITests.release.xcconfig */,
				217AD8B8023D2A71C407B256 /* Pods-KofiTests.debug.xcconfig */,
				9FDE173BC506BD078FEF29BE /* Pods-KofiTests.release.xcconfig */,
			);
			path = Pods;
			sourceTree = "<group>";
		};
/* End PBXGroup section */

/* Begin PBXNativeTarget section */
		8658B567262935A100AE5A37 /* Kofi */ = {
			isa = PBXNativeTarget;
			buildConfigurationList = 8658B592262935A600AE5A37 /* Build configuration list for PBXNativeTarget "Kofi" */;
			buildPhases = (
				64F0CCABB946CBB528516E45 /* [CP] Check Pods Manifest.lock */,
				8658B564262935A100AE5A37 /* Sources */,
				8658B565262935A100AE5A37 /* Frameworks */,
				8658B566262935A100AE5A37 /* Resources */,
				E3C1C1AEE80FBBA0957545BB /* [CP] Embed Pods Frameworks */,
			);
			buildRules = (
			);
			dependencies = (
			);
			name = Kofi;
			productName = Kofi;
			productReference = 8658B568262935A100AE5A37 /* Kofi.app */;
			productType = "com.apple.product-type.application";
		};
		8658B57D262935A600AE5A37 /* KofiTests */ = {
			isa = PBXNativeTarget;
			buildConfigurationList = 8658B595262935A600AE5A37 /* Build configuration list for PBXNativeTarget "KofiTests" */;
			buildPhases = (
				CDEF4D9A059D6B8C75F33662 /* [CP] Check Pods Manifest.lock */,
				8658B57A262935A600AE5A37 /* Sources */,
				8658B57B262935A600AE5A37 /* Frameworks */,
				8658B57C262935A600AE5A37 /* Resources */,
			);
			buildRules = (
			);
			dependencies = (
				8658B580262935A600AE5A37 /* PBXTargetDependency */,
			);
			name = KofiTests;
			productName = KofiTests;
			productReference = 8658B57E262935A600AE5A37 /* KofiTests.xctest */;
			productType = "com.apple.product-type.bundle.unit-test";
		};
		8658B588262935A600AE5A37 /* KofiUITests */ = {
			isa = PBXNativeTarget;
			buildConfigurationList = 8658B598262935A600AE5A37 /* Build configuration list for PBXNativeTarget "KofiUITests" */;
			buildPhases = (
				2E6C2C5A7DB378A5568121BC /* [CP] Check Pods Manifest.lock */,
				8658B585262935A600AE5A37 /* Sources */,
				8658B586262935A600AE5A37 /* Frameworks */,
				8658B587262935A600AE5A37 /* Resources */,
				85210016FDB2B509F98DB1D2 /* [CP] Embed Pods Frameworks */,
			);
			buildRules = (
			);
			dependencies = (
				8658B58B262935A600AE5A37 /* PBXTargetDependency */,
			);
			name = KofiUITests;
			productName = KofiUITests;
			productReference = 8658B589262935A600AE5A37 /* KofiUITests.xctest */;
			productType = "com.apple.product-type.bundle.ui-testing";
		};
/* End PBXNativeTarget section */

/* Begin PBXProject section */
		8658B560262935A100AE5A37 /* Project object */ = {
			isa = PBXProject;
			attributes = {
				LastSwiftUpdateCheck = 1240;
				LastUpgradeCheck = 1240;
				TargetAttributes = {
					8658B567262935A100AE5A37 = {
						CreatedOnToolsVersion = 12.4;
					};
					8658B57D262935A600AE5A37 = {
						CreatedOnToolsVersion = 12.4;
						TestTargetID = 8658B567262935A100AE5A37;
					};
					8658B588262935A600AE5A37 = {
						CreatedOnToolsVersion = 12.4;
						TestTargetID = 8658B567262935A100AE5A37;
					};
				};
			};
			buildConfigurationList = 8658B563262935A100AE5A37 /* Build configuration list for PBXProject "Kofi" */;
			compatibilityVersion = "Xcode 9.3";
			developmentRegion = en;
			hasScannedForEncodings = 0;
			knownRegions = (
				en,
				Base,
			);
			mainGroup = 8658B55F262935A100AE5A37;
			productRefGroup = 8658B569262935A100AE5A37 /* Products */;
			projectDirPath = "";
			projectRoot = "";
			targets = (
				8658B567262935A100AE5A37 /* Kofi */,
				8658B57D262935A600AE5A37 /* KofiTests */,
				8658B588262935A600AE5A37 /* KofiUITests */,
			);
		};
/* End PBXProject section */

/* Begin PBXResourcesBuildPhase section */
		8658B566262935A100AE5A37 /* Resources */ = {
			isa = PBXResourcesBuildPhase;
			buildActionMask = 2147483647;
			files = (
				8658B578262935A500AE5A37 /* LaunchScreen.storyboard in Resources */,
				8658B575262935A500AE5A37 /* Preview Assets.xcassets in Resources */,
				8658B572262935A500AE5A37 /* Assets.xcassets in Resources */,
			);
			runOnlyForDeploymentPostprocessing = 0;
		};
		8658B57C262935A600AE5A37 /* Resources */ = {
			isa = PBXResourcesBuildPhase;
			buildActionMask = 2147483647;
			files = (
			);
			runOnlyForDeploymentPostprocessing = 0;
		};
		8658B587262935A600AE5A37 /* Resources */ = {
			isa = PBXResourcesBuildPhase;
			buildActionMask = 2147483647;
			files = (
			);
			runOnlyForDeploymentPostprocessing = 0;
		};
/* End PBXResourcesBuildPhase section */

/* Begin PBXShellScriptBuildPhase section */
		2E6C2C5A7DB378A5568121BC /* [CP] Check Pods Manifest.lock */ = {
			isa = PBXShellScriptBuildPhase;
			buildActionMask = 2147483647;
			files = (
			);
			inputFileListPaths = (
			);
			inputPaths = (
				"${PODS_PODFILE_DIR_PATH}/Podfile.lock",
				"${PODS_ROOT}/Manifest.lock",
			);
			name = "[CP] Check Pods Manifest.lock";
			outputFileListPaths = (
			);
			outputPaths = (
				"$(DERIVED_FILE_DIR)/Pods-Kofi-KofiUITests-checkManifestLockResult.txt",
			);
			runOnlyForDeploymentPostprocessing = 0;
			shellPath = /bin/sh;
			shellScript = "diff \"${PODS_PODFILE_DIR_PATH}/Podfile.lock\" \"${PODS_ROOT}/Manifest.lock\" > /dev/null\nif [ $? != 0 ] ; then\n    # print error to STDERR\n    echo \"error: The sandbox is not in sync with the Podfile.lock. Run 'pod install' or update your CocoaPods installation.\" >&2\n    exit 1\nfi\n# This output is used by Xcode 'outputs' to avoid re-running this script phase.\necho \"SUCCESS\" > \"${SCRIPT_OUTPUT_FILE_0}\"\n";
			showEnvVarsInLog = 0;
		};
		64F0CCABB946CBB528516E45 /* [CP] Check Pods Manifest.lock */ = {
			isa = PBXShellScriptBuildPhase;
			buildActionMask = 2147483647;
			files = (
			);
			inputFileListPaths = (
			);
			inputPaths = (
				"${PODS_PODFILE_DIR_PATH}/Podfile.lock",
				"${PODS_ROOT}/Manifest.lock",
			);
			name = "[CP] Check Pods Manifest.lock";
			outputFileListPaths = (
			);
			outputPaths = (
				"$(DERIVED_FILE_DIR)/Pods-Kofi-checkManifestLockResult.txt",
			);
			runOnlyForDeploymentPostprocessing = 0;
			shellPath = /bin/sh;
			shellScript = "diff \"${PODS_PODFILE_DIR_PATH}/Podfile.lock\" \"${PODS_ROOT}/Manifest.lock\" > /dev/null\nif [ $? != 0 ] ; then\n    # print error to STDERR\n    echo \"error: The sandbox is not in sync with the Podfile.lock. Run 'pod install' or update your CocoaPods installation.\" >&2\n    exit 1\nfi\n# This output is used by Xcode 'outputs' to avoid re-running this script phase.\necho \"SUCCESS\" > \"${SCRIPT_OUTPUT_FILE_0}\"\n";
			showEnvVarsInLog = 0;
		};
		85210016FDB2B509F98DB1D2 /* [CP] Embed Pods Frameworks */ = {
			isa = PBXShellScriptBuildPhase;
			buildActionMask = 2147483647;
			files = (
			);
			inputFileListPaths = (
				"${PODS_ROOT}/Target Support Files/Pods-Kofi-KofiUITests/Pods-Kofi-KofiUITests-frameworks-${CONFIGURATION}-input-files.xcfilelist",
			);
			name = "[CP] Embed Pods Frameworks";
			outputFileListPaths = (
				"${PODS_ROOT}/Target Support Files/Pods-Kofi-KofiUITests/Pods-Kofi-KofiUITests-frameworks-${CONFIGURATION}-output-files.xcfilelist",
			);
			runOnlyForDeploymentPostprocessing = 0;
			shellPath = /bin/sh;
			shellScript = "\"${PODS_ROOT}/Target Support Files/Pods-Kofi-KofiUITests/Pods-Kofi-KofiUITests-frameworks.sh\"\n";
			showEnvVarsInLog = 0;
		};
		CDEF4D9A059D6B8C75F33662 /* [CP] Check Pods Manifest.lock */ = {
			isa = PBXShellScriptBuildPhase;
			buildActionMask = 2147483647;
			files = (
			);
			inputFileListPaths = (
			);
			inputPaths = (
				"${PODS_PODFILE_DIR_PATH}/Podfile.lock",
				"${PODS_ROOT}/Manifest.lock",
			);
			name = "[CP] Check Pods Manifest.lock";
			outputFileListPaths = (
			);
			outputPaths = (
				"$(DERIVED_FILE_DIR)/Pods-KofiTests-checkManifestLockResult.txt",
			);
			runOnlyForDeploymentPostprocessing = 0;
			shellPath = /bin/sh;
			shellScript = "diff \"${PODS_PODFILE_DIR_PATH}/Podfile.lock\" \"${PODS_ROOT}/Manifest.lock\" > /dev/null\nif [ $? != 0 ] ; then\n    # print error to STDERR\n    echo \"error: The sandbox is not in sync with the Podfile.lock. Run 'pod install' or update your CocoaPods installation.\" >&2\n    exit 1\nfi\n# This output is used by Xcode 'outputs' to avoid re-running this script phase.\necho \"SUCCESS\" > \"${SCRIPT_OUTPUT_FILE_0}\"\n";
			showEnvVarsInLog = 0;
		};
		E3C1C1AEE80FBBA0957545BB /* [CP] Embed Pods Frameworks */ = {
			isa = PBXShellScriptBuildPhase;
			buildActionMask = 2147483647;
			files = (
			);
			inputFileListPaths = (
				"${PODS_ROOT}/Target Support Files/Pods-Kofi/Pods-Kofi-frameworks-${CONFIGURATION}-input-files.xcfilelist",
			);
			name = "[CP] Embed Pods Frameworks";
			outputFileListPaths = (
				"${PODS_ROOT}/Target Support Files/Pods-Kofi/Pods-Kofi-frameworks-${CONFIGURATION}-output-files.xcfilelist",
			);
			runOnlyForDeploymentPostprocessing = 0;
			shellPath = /bin/sh;
			shellScript = "\"${PODS_ROOT}/Target Support Files/Pods-Kofi/Pods-Kofi-frameworks.sh\"\n";
			showEnvVarsInLog = 0;
		};
/* End PBXShellScriptBuildPhase section */

/* Begin PBXSourcesBuildPhase section */
		8658B564262935A100AE5A37 /* Sources */ = {
			isa = PBXSourcesBuildPhase;
			buildActionMask = 2147483647;
			files = (
				5BA50B332632A61F0021B054 /* logIn.swift in Sources */,
				8658B56C262935A100AE5A37 /* AppDelegate.swift in Sources */,
				8665B60B2629784D0067D852 /* mapView.swift in Sources */,
				8658B56E262935A100AE5A37 /* SceneDelegate.swift in Sources */,
				8658B570262935A100AE5A37 /* loggedOut.swift in Sources */,
			);
			runOnlyForDeploymentPostprocessing = 0;
		};
		8658B57A262935A600AE5A37 /* Sources */ = {
			isa = PBXSourcesBuildPhase;
			buildActionMask = 2147483647;
			files = (
				8658B583262935A600AE5A37 /* KofiTests.swift in Sources */,
			);
			runOnlyForDeploymentPostprocessing = 0;
		};
		8658B585262935A600AE5A37 /* Sources */ = {
			isa = PBXSourcesBuildPhase;
			buildActionMask = 2147483647;
			files = (
				8658B58E262935A600AE5A37 /* KofiUITests.swift in Sources */,
			);
			runOnlyForDeploymentPostprocessing = 0;
		};
/* End PBXSourcesBuildPhase section */

/* Begin PBXTargetDependency section */
		8658B580262935A600AE5A37 /* PBXTargetDependency */ = {
			isa = PBXTargetDependency;
			target = 8658B567262935A100AE5A37 /* Kofi */;
			targetProxy = 8658B57F262935A600AE5A37 /* PBXContainerItemProxy */;
		};
		8658B58B262935A600AE5A37 /* PBXTargetDependency */ = {
			isa = PBXTargetDependency;
			target = 8658B567262935A100AE5A37 /* Kofi */;
			targetProxy = 8658B58A262935A600AE5A37 /* PBXContainerItemProxy */;
		};
/* End PBXTargetDependency section */

/* Begin PBXVariantGroup section */
		8658B576262935A500AE5A37 /* LaunchScreen.storyboard */ = {
			isa = PBXVariantGroup;
			children = (
				8658B577262935A500AE5A37 /* Base */,
			);
			name = LaunchScreen.storyboard;
			sourceTree = "<group>";
		};
/* End PBXVariantGroup section */

/* Begin XCBuildConfiguration section */
		8658B590262935A600AE5A37 /* Debug */ = {
			isa = XCBuildConfiguration;
			buildSettings = {
				ALWAYS_SEARCH_USER_PATHS = NO;
				CLANG_ANALYZER_NONNULL = YES;
				CLANG_ANALYZER_NUMBER_OBJECT_CONVERSION = YES_AGGRESSIVE;
				CLANG_CXX_LANGUAGE_STANDARD = "gnu++14";
				CLANG_CXX_LIBRARY = "libc++";
				CLANG_ENABLE_MODULES = YES;
				CLANG_ENABLE_OBJC_ARC = YES;
				CLANG_ENABLE_OBJC_WEAK = YES;
				CLANG_WARN_BLOCK_CAPTURE_AUTORELEASING = YES;
				CLANG_WARN_BOOL_CONVERSION = YES;
				CLANG_WARN_COMMA = YES;
				CLANG_WARN_CONSTANT_CONVERSION = YES;
				CLANG_WARN_DEPRECATED_OBJC_IMPLEMENTATIONS = YES;
				CLANG_WARN_DIRECT_OBJC_ISA_USAGE = YES_ERROR;
				CLANG_WARN_DOCUMENTATION_COMMENTS = YES;
				CLANG_WARN_EMPTY_BODY = YES;
				CLANG_WARN_ENUM_CONVERSION = YES;
				CLANG_WARN_INFINITE_RECURSION = YES;
				CLANG_WARN_INT_CONVERSION = YES;
				CLANG_WARN_NON_LITERAL_NULL_CONVERSION = YES;
				CLANG_WARN_OBJC_IMPLICIT_RETAIN_SELF = YES;
				CLANG_WARN_OBJC_LITERAL_CONVERSION = YES;
				CLANG_WARN_OBJC_ROOT_CLASS = YES_ERROR;
				CLANG_WARN_QUOTED_INCLUDE_IN_FRAMEWORK_HEADER = YES;
				CLANG_WARN_RANGE_LOOP_ANALYSIS = YES;
				CLANG_WARN_STRICT_PROTOTYPES = YES;
				CLANG_WARN_SUSPICIOUS_MOVE = YES;
				CLANG_WARN_UNGUARDED_AVAILABILITY = YES_AGGRESSIVE;
				CLANG_WARN_UNREACHABLE_CODE = YES;
				CLANG_WARN__DUPLICATE_METHOD_MATCH = YES;
				COPY_PHASE_STRIP = NO;
				DEBUG_INFORMATION_FORMAT = dwarf;
				ENABLE_STRICT_OBJC_MSGSEND = YES;
				ENABLE_TESTABILITY = YES;
				GCC_C_LANGUAGE_STANDARD = gnu11;
				GCC_DYNAMIC_NO_PIC = NO;
				GCC_NO_COMMON_BLOCKS = YES;
				GCC_OPTIMIZATION_LEVEL = 0;
				GCC_PREPROCESSOR_DEFINITIONS = (
					"DEBUG=1",
					"$(inherited)",
				);
				GCC_WARN_64_TO_32_BIT_CONVERSION = YES;
				GCC_WARN_ABOUT_RETURN_TYPE = YES_ERROR;
				GCC_WARN_UNDECLARED_SELECTOR = YES;
				GCC_WARN_UNINITIALIZED_AUTOS = YES_AGGRESSIVE;
				GCC_WARN_UNUSED_FUNCTION = YES;
				GCC_WARN_UNUSED_VARIABLE = YES;
				IPHONEOS_DEPLOYMENT_TARGET = 14.4;
				MTL_ENABLE_DEBUG_INFO = INCLUDE_SOURCE;
				MTL_FAST_MATH = YES;
				ONLY_ACTIVE_ARCH = YES;
				SDKROOT = iphoneos;
				SWIFT_ACTIVE_COMPILATION_CONDITIONS = DEBUG;
				SWIFT_OPTIMIZATION_LEVEL = "-Onone";
			};
			name = Debug;
		};
		8658B591262935A600AE5A37 /* Release */ = {
			isa = XCBuildConfiguration;
			buildSettings = {
				ALWAYS_SEARCH_USER_PATHS = NO;
				CLANG_ANALYZER_NONNULL = YES;
				CLANG_ANALYZER_NUMBER_OBJECT_CONVERSION = YES_AGGRESSIVE;
				CLANG_CXX_LANGUAGE_STANDARD = "gnu++14";
				CLANG_CXX_LIBRARY = "libc++";
				CLANG_ENABLE_MODULES = YES;
				CLANG_ENABLE_OBJC_ARC = YES;
				CLANG_ENABLE_OBJC_WEAK = YES;
				CLANG_WARN_BLOCK_CAPTURE_AUTORELEASING = YES;
				CLANG_WARN_BOOL_CONVERSION = YES;
				CLANG_WARN_COMMA = YES;
				CLANG_WARN_CONSTANT_CONVERSION = YES;
				CLANG_WARN_DEPRECATED_OBJC_IMPLEMENTATIONS = YES;
				CLANG_WARN_DIRECT_OBJC_ISA_USAGE = YES_ERROR;
				CLANG_WARN_DOCUMENTATION_COMMENTS = YES;
				CLANG_WARN_EMPTY_BODY = YES;
				CLANG_WARN_ENUM_CONVERSION = YES;
				CLANG_WARN_INFINITE_RECURSION = YES;
				CLANG_WARN_INT_CONVERSION = YES;
				CLANG_WARN_NON_LITERAL_NULL_CONVERSION = YES;
				CLANG_WARN_OBJC_IMPLICIT_RETAIN_SELF = YES;
				CLANG_WARN_OBJC_LITERAL_CONVERSION = YES;
				CLANG_WARN_OBJC_ROOT_CLASS = YES_ERROR;
				CLANG_WARN_QUOTED_INCLUDE_IN_FRAMEWORK_HEADER = YES;
				CLANG_WARN_RANGE_LOOP_ANALYSIS = YES;
				CLANG_WARN_STRICT_PROTOTYPES = YES;
				CLANG_WARN_SUSPICIOUS_MOVE = YES;
				CLANG_WARN_UNGUARDED_AVAILABILITY = YES_AGGRESSIVE;
				CLANG_WARN_UNREACHABLE_CODE = YES;
				CLANG_WARN__DUPLICATE_METHOD_MATCH = YES;
				COPY_PHASE_STRIP = NO;
				DEBUG_INFORMATION_FORMAT = "dwarf-with-dsym";
				ENABLE_NS_ASSERTIONS = NO;
				ENABLE_STRICT_OBJC_MSGSEND = YES;
				GCC_C_LANGUAGE_STANDARD = gnu11;
				GCC_NO_COMMON_BLOCKS = YES;
				GCC_WARN_64_TO_32_BIT_CONVERSION = YES;
				GCC_WARN_ABOUT_RETURN_TYPE = YES_ERROR;
				GCC_WARN_UNDECLARED_SELECTOR = YES;
				GCC_WARN_UNINITIALIZED_AUTOS = YES_AGGRESSIVE;
				GCC_WARN_UNUSED_FUNCTION = YES;
				GCC_WARN_UNUSED_VARIABLE = YES;
				IPHONEOS_DEPLOYMENT_TARGET = 14.4;
				MTL_ENABLE_DEBUG_INFO = NO;
				MTL_FAST_MATH = YES;
				SDKROOT = iphoneos;
				SWIFT_COMPILATION_MODE = wholemodule;
				SWIFT_OPTIMIZATION_LEVEL = "-O";
				VALIDATE_PRODUCT = YES;
			};
			name = Release;
		};
		8658B593262935A600AE5A37 /* Debug */ = {
			isa = XCBuildConfiguration;
			baseConfigurationReference = 7529DE1D3E35129AC806C071 /* Pods-Kofi.debug.xcconfig */;
			buildSettings = {
				ASSETCATALOG_COMPILER_APPICON_NAME = AppIcon;
				ASSETCATALOG_COMPILER_GLOBAL_ACCENT_COLOR_NAME = AccentColor;
				CODE_SIGN_STYLE = Automatic;
				DEVELOPMENT_ASSET_PATHS = "\"Kofi/Preview Content\"";
				ENABLE_PREVIEWS = YES;
				INFOPLIST_FILE = Kofi/Info.plist;
				LD_RUNPATH_SEARCH_PATHS = (
					"$(inherited)",
					"@executable_path/Frameworks",
				);
				PRODUCT_BUNDLE_IDENTIFIER = nightowls.Kofi;
				PRODUCT_NAME = "$(TARGET_NAME)";
				SWIFT_VERSION = 5.0;
				TARGETED_DEVICE_FAMILY = "1,2";
			};
			name = Debug;
		};
		8658B594262935A600AE5A37 /* Release */ = {
			isa = XCBuildConfiguration;
			baseConfigurationReference = 03DDE9F27D578093F5F6E4BE /* Pods-Kofi.release.xcconfig */;
			buildSettings = {
				ASSETCATALOG_COMPILER_APPICON_NAME = AppIcon;
				ASSETCATALOG_COMPILER_GLOBAL_ACCENT_COLOR_NAME = AccentColor;
				CODE_SIGN_STYLE = Automatic;
				DEVELOPMENT_ASSET_PATHS = "\"Kofi/Preview Content\"";
				ENABLE_PREVIEWS = YES;
				INFOPLIST_FILE = Kofi/Info.plist;
				LD_RUNPATH_SEARCH_PATHS = (
					"$(inherited)",
					"@executable_path/Frameworks",
				);
				PRODUCT_BUNDLE_IDENTIFIER = nightowls.Kofi;
				PRODUCT_NAME = "$(TARGET_NAME)";
				SWIFT_VERSION = 5.0;
				TARGETED_DEVICE_FAMILY = "1,2";
			};
			name = Release;
		};
		8658B596262935A600AE5A37 /* Debug */ = {
			isa = XCBuildConfiguration;
			baseConfigurationReference = 217AD8B8023D2A71C407B256 /* Pods-KofiTests.debug.xcconfig */;
			buildSettings = {
				ALWAYS_EMBED_SWIFT_STANDARD_LIBRARIES = YES;
				BUNDLE_LOADER = "$(TEST_HOST)";
				CODE_SIGN_STYLE = Automatic;
				INFOPLIST_FILE = KofiTests/Info.plist;
				IPHONEOS_DEPLOYMENT_TARGET = 14.4;
				LD_RUNPATH_SEARCH_PATHS = (
					"$(inherited)",
					"@executable_path/Frameworks",
					"@loader_path/Frameworks",
				);
				PRODUCT_BUNDLE_IDENTIFIER = nightowls.KofiTests;
				PRODUCT_NAME = "$(TARGET_NAME)";
				SWIFT_VERSION = 5.0;
				TARGETED_DEVICE_FAMILY = "1,2";
				TEST_HOST = "$(BUILT_PRODUCTS_DIR)/Kofi.app/Kofi";
			};
			name = Debug;
		};
		8658B597262935A600AE5A37 /* Release */ = {
			isa = XCBuildConfiguration;
			baseConfigurationReference = 9FDE173BC506BD078FEF29BE /* Pods-KofiTests.release.xcconfig */;
			buildSettings = {
				ALWAYS_EMBED_SWIFT_STANDARD_LIBRARIES = YES;
				BUNDLE_LOADER = "$(TEST_HOST)";
				CODE_SIGN_STYLE = Automatic;
				INFOPLIST_FILE = KofiTests/Info.plist;
				IPHONEOS_DEPLOYMENT_TARGET = 14.4;
				LD_RUNPATH_SEARCH_PATHS = (
					"$(inherited)",
					"@executable_path/Frameworks",
					"@loader_path/Frameworks",
				);
				PRODUCT_BUNDLE_IDENTIFIER = nightowls.KofiTests;
				PRODUCT_NAME = "$(TARGET_NAME)";
				SWIFT_VERSION = 5.0;
				TARGETED_DEVICE_FAMILY = "1,2";
				TEST_HOST = "$(BUILT_PRODUCTS_DIR)/Kofi.app/Kofi";
			};
			name = Release;
		};
		8658B599262935A600AE5A37 /* Debug */ = {
			isa = XCBuildConfiguration;
			baseConfigurationReference = C008D3D78C8B3743A342D03C /* Pods-Kofi-KofiUITests.debug.xcconfig */;
			buildSettings = {
				ALWAYS_EMBED_SWIFT_STANDARD_LIBRARIES = YES;
				CODE_SIGN_STYLE = Automatic;
				INFOPLIST_FILE = KofiUITests/Info.plist;
				LD_RUNPATH_SEARCH_PATHS = (
					"$(inherited)",
					"@executable_path/Frameworks",
					"@loader_path/Frameworks",
				);
				PRODUCT_BUNDLE_IDENTIFIER = nightowls.KofiUITests;
				PRODUCT_NAME = "$(TARGET_NAME)";
				SWIFT_VERSION = 5.0;
				TARGETED_DEVICE_FAMILY = "1,2";
				TEST_TARGET_NAME = Kofi;
			};
			name = Debug;
		};
		8658B59A262935A600AE5A37 /* Release */ = {
			isa = XCBuildConfiguration;
			baseConfigurationReference = F0A7AC2DBAB810525A3386D9 /* Pods-Kofi-KofiUITests.release.xcconfig */;
			buildSettings = {
				ALWAYS_EMBED_SWIFT_STANDARD_LIBRARIES = YES;
				CODE_SIGN_STYLE = Automatic;
				INFOPLIST_FILE = KofiUITests/Info.plist;
				LD_RUNPATH_SEARCH_PATHS = (
					"$(inherited)",
					"@executable_path/Frameworks",
					"@loader_path/Frameworks",
				);
				PRODUCT_BUNDLE_IDENTIFIER = nightowls.KofiUITests;
				PRODUCT_NAME = "$(TARGET_NAME)";
				SWIFT_VERSION = 5.0;
				TARGETED_DEVICE_FAMILY = "1,2";
				TEST_TARGET_NAME = Kofi;
			};
			name = Release;
		};
/* End XCBuildConfiguration section */

/* Begin XCConfigurationList section */
		8658B563262935A100AE5A37 /* Build configuration list for PBXProject "Kofi" */ = {
			isa = XCConfigurationList;
			buildConfigurations = (
				8658B590262935A600AE5A37 /* Debug */,
				8658B591262935A600AE5A37 /* Release */,
			);
			defaultConfigurationIsVisible = 0;
			defaultConfigurationName = Release;
		};
		8658B592262935A600AE5A37 /* Build configuration list for PBXNativeTarget "Kofi" */ = {
			isa = XCConfigurationList;
			buildConfigurations = (
				8658B593262935A600AE5A37 /* Debug */,
				8658B594262935A600AE5A37 /* Release */,
			);
			defaultConfigurationIsVisible = 0;
			defaultConfigurationName = Release;
		};
		8658B595262935A600AE5A37 /* Build configuration list for PBXNativeTarget "KofiTests" */ = {
			isa = XCConfigurationList;
			buildConfigurations = (
				8658B596262935A600AE5A37 /* Debug */,
				8658B597262935A600AE5A37 /* Release */,
			);
			defaultConfigurationIsVisible = 0;
			defaultConfigurationName = Release;
		};
		8658B598262935A600AE5A37 /* Build configuration list for PBXNativeTarget "KofiUITests" */ = {
			isa = XCConfigurationList;
			buildConfigurations = (
				8658B599262935A600AE5A37 /* Debug */,
				8658B59A262935A600AE5A37 /* Release */,
			);
			defaultConfigurationIsVisible = 0;
			defaultConfigurationName = Release;
		};
/* End XCConfigurationList section */
	};
	rootObject = 8658B560262935A100AE5A37 /* Project object */;
}
